PODS:
  - Alamofire (5.8.0)
  - RTPod (0.1.0):
    - Alamofire (~> 5.8.0)
    - Toast-Swift (~> 5.0.1)
  - Toast-Swift (5.0.1)

DEPENDENCIES:
  - Alamofire
  - RTPod (from `../`)

SPEC REPOS:
  trunk:
    - Alamofire
    - Toast-Swift

EXTERNAL SOURCES:
  RTPod:
    :path: "../"

SPEC CHECKSUMS:
  Alamofire: 0e92e751b3e9e66d7982db43919d01f313b8eb91
  RTPod: 0d35d40d72571543d708320276bffd0998ab07af
  Toast-Swift: 9b6a70f28b3bf0b96c40d46c0c4b9d6639846711

PODFILE CHECKSUM: da7b6c09a473f9263572b2d24c323f34a171822b

COCOAPODS: 1.12.0
